// !$*UTF8*$!
{
	archiveVersion = 1;
	classes = {
	};
	objectVersion = 46;
	objects = {

/* Begin PBXBuildFile section */
		84F625B91C11EDF500BECD99 /* main.m in Sources */ = {isa = PBXBuildFile; fileRef = 84F625B81C11EDF500BECD99 /* main.m */; };
		84F625BC1C11EDF500BECD99 /* AppDelegate.m in Sources */ = {isa = PBXBuildFile; fileRef = 84F625BB1C11EDF500BECD99 /* AppDelegate.m */; };
		84F625BF1C11EDF500BECD99 /* ViewController.m in Sources */ = {isa = PBXBuildFile; fileRef = 84F625BE1C11EDF500BECD99 /* ViewController.m */; };
		84F625C21C11EDF500BECD99 /* Main.storyboard in Resources */ = {isa = PBXBuildFile; fileRef = 84F625C01C11EDF500BECD99 /* Main.storyboard */; };
		84F625C41C11EDF500BECD99 /* Assets.xcassets in Resources */ = {isa = PBXBuildFile; fileRef = 84F625C31C11EDF500BECD99 /* Assets.xcassets */; };
		84F625C71C11EDF500BECD99 /* LaunchScreen.storyboard in Resources */ = {isa = PBXBuildFile; fileRef = 84F625C51C11EDF500BECD99 /* LaunchScreen.storyboard */; };
		84F625D61C11F7CC00BECD99 /* earcon_cancel.wav in Resources */ = {isa = PBXBuildFile; fileRef = 84F625D31C11F7CC00BECD99 /* earcon_cancel.wav */; settings = {ASSET_TAGS = (); }; };
		84F625D71C11F7CC00BECD99 /* earcon_done_listening.wav in Resources */ = {isa = PBXBuildFile; fileRef = 84F625D41C11F7CC00BECD99 /* earcon_done_listening.wav */; settings = {ASSET_TAGS = (); }; };
		84F625D81C11F7CC00BECD99 /* earcon_listening.wav in Resources */ = {isa = PBXBuildFile; fileRef = 84F625D51C11F7CC00BECD99 /* earcon_listening.wav */; settings = {ASSET_TAGS = (); }; };
/* End PBXBuildFile section */

/* Begin PBXFileReference section */
		84F625B41C11EDF500BECD99 /* IoT.app */ = {isa = PBXFileReference; explicitFileType = wrapper.application; includeInIndex = 0; path = IoT.app; sourceTree = BUILT_PRODUCTS_DIR; };
		84F625B81C11EDF500BECD99 /* main.m */ = {isa = PBXFileReference; lastKnownFileType = sourcecode.c.objc; path = main.m; sourceTree = "<group>"; };
		84F625BA1C11EDF500BECD99 /* AppDelegate.h */ = {isa = PBXFileReference; lastKnownFileType = sourcecode.c.h; path = AppDelegate.h; sourceTree = "<group>"; };
		84F625BB1C11EDF500BECD99 /* AppDelegate.m */ = {isa = PBXFileReference; lastKnownFileType = sourcecode.c.objc; path = AppDelegate.m; sourceTree = "<group>"; };
		84F625BD1C11EDF500BECD99 /* ViewController.h */ = {isa = PBXFileReference; lastKnownFileType = sourcecode.c.h; path = ViewController.h; sourceTree = "<group>"; };
		84F625BE1C11EDF500BECD99 /* ViewController.m */ = {isa = PBXFileReference; lastKnownFileType = sourcecode.c.objc; path = ViewController.m; sourceTree = "<group>"; };
		84F625C11C11EDF500BECD99 /* Base */ = {isa = PBXFileReference; lastKnownFileType = file.storyboard; name = Base; path = Base.lproj/Main.storyboard; sourceTree = "<group>"; };
		84F625C31C11EDF500BECD99 /* Assets.xcassets */ = {isa = PBXFileReference; lastKnownFileType = folder.assetcatalog; path = Assets.xcassets; sourceTree = "<group>"; };
		84F625C61C11EDF500BECD99 /* Base */ = {isa = PBXFileReference; lastKnownFileType = file.storyboard; name = Base; path = Base.lproj/LaunchScreen.storyboard; sourceTree = "<group>"; };
		84F625C81C11EDF500BECD99 /* Info.plist */ = {isa = PBXFileReference; lastKnownFileType = text.plist.xml; path = Info.plist; sourceTree = "<group>"; };
		84F625D31C11F7CC00BECD99 /* earcon_cancel.wav */ = {isa = PBXFileReference; lastKnownFileType = audio.wav; path = earcon_cancel.wav; sourceTree = "<group>"; };
		84F625D41C11F7CC00BECD99 /* earcon_done_listening.wav */ = {isa = PBXFileReference; lastKnownFileType = audio.wav; path = earcon_done_listening.wav; sourceTree = "<group>"; };
		84F625D51C11F7CC00BECD99 /* earcon_listening.wav */ = {isa = PBXFileReference; lastKnownFileType = audio.wav; path = earcon_listening.wav; sourceTree = "<group>"; };
/* End PBXFileReference section */

/* Begin PBXFrameworksBuildPhase section */
		84F625B11C11EDF500BECD99 /* Frameworks */ = {
			isa = PBXFrameworksBuildPhase;
			buildActionMask = 2147483647;
			files = (
			);
			runOnlyForDeploymentPostprocessing = 0;
		};
/* End PBXFrameworksBuildPhase section */

/* Begin PBXGroup section */
		84F625AB1C11EDF500BECD99 = {
			isa = PBXGroup;
			children = (
				84F625B61C11EDF500BECD99 /* IoT */,
				84F625B51C11EDF500BECD99 /* Products */,
			);
			sourceTree = "<group>";
		};
		84F625B51C11EDF500BECD99 /* Products */ = {
			isa = PBXGroup;
			children = (
				84F625B41C11EDF500BECD99 /* IoT.app */,
			);
			name = Products;
			sourceTree = "<group>";
		};
		84F625B61C11EDF500BECD99 /* IoT */ = {
			isa = PBXGroup;
			children = (
				84F625BA1C11EDF500BECD99 /* AppDelegate.h */,
				84F625BB1C11EDF500BECD99 /* AppDelegate.m */,
				84F625BD1C11EDF500BECD99 /* ViewController.h */,
				84F625BE1C11EDF500BECD99 /* ViewController.m */,
				84F625C01C11EDF500BECD99 /* Main.storyboard */,
				84F625C31C11EDF500BECD99 /* Assets.xcassets */,
				84F625C51C11EDF500BECD99 /* LaunchScreen.storyboard */,
				84F625C81C11EDF500BECD99 /* Info.plist */,
				84F625B71C11EDF500BECD99 /* Supporting Files */,
			);
			path = IoT;
			sourceTree = "<group>";
		};
		84F625B71C11EDF500BECD99 /* Supporting Files */ = {
			isa = PBXGroup;
			children = (
				84F625D31C11F7CC00BECD99 /* earcon_cancel.wav */,
				84F625D41C11F7CC00BECD99 /* earcon_done_listening.wav */,
				84F625D51C11F7CC00BECD99 /* earcon_listening.wav */,
				84F625B81C11EDF500BECD99 /* main.m */,
			);
			name = "Supporting Files";
			sourceTree = "<group>";
		};
/* End PBXGroup section */

/* Begin PBXNativeTarget section */
		84F625B31C11EDF500BECD99 /* IoT */ = {
			isa = PBXNativeTarget;
			buildConfigurationList = 84F625CB1C11EDF500BECD99 /* Build configuration list for PBXNativeTarget "IoT" */;
			buildPhases = (
				84F625B01C11EDF500BECD99 /* Sources */,
				84F625B11C11EDF500BECD99 /* Frameworks */,
				84F625B21C11EDF500BECD99 /* Resources */,
			);
			buildRules = (
			);
			dependencies = (
			);
			name = IoT;
			productName = IoT;
			productReference = 84F625B41C11EDF500BECD99 /* IoT.app */;
			productType = "com.apple.product-type.application";
		};
/* End PBXNativeTarget section */

/* Begin PBXProject section */
		84F625AC1C11EDF500BECD99 /* Project object */ = {
			isa = PBXProject;
			attributes = {
				LastUpgradeCheck = 0700;
				ORGANIZATIONNAME = Admin;
				TargetAttributes = {
					84F625B31C11EDF500BECD99 = {
						CreatedOnToolsVersion = 7.0.1;
					};
				};
			};
			buildConfigurationList = 84F625AF1C11EDF500BECD99 /* Build configuration list for PBXProject "IoT" */;
			compatibilityVersion = "Xcode 3.2";
			developmentRegion = English;
			hasScannedForEncodings = 0;
			knownRegions = (
				en,
				Base,
			);
			mainGroup = 84F625AB1C11EDF500BECD99;
			productRefGroup = 84F625B51C11EDF500BECD99 /* Products */;
			projectDirPath = "";
			projectRoot = "";
			targets = (
				84F625B31C11EDF500BECD99 /* IoT */,
			);
		};
/* End PBXProject section */

/* Begin PBXResourcesBuildPhase section */
		84F625B21C11EDF500BECD99 /* Resources */ = {
			isa = PBXResourcesBuildPhase;
			buildActionMask = 2147483647;
			files = (
				84F625C71C11EDF500BECD99 /* LaunchScreen.storyboard in Resources */,
				84F625C41C11EDF500BECD99 /* Assets.xcassets in Resources */,
				84F625D71C11F7CC00BECD99 /* earcon_done_listening.wav in Resources */,
				84F625D61C11F7CC00BECD99 /* earcon_cancel.wav in Resources */,
				84F625D81C11F7CC00BECD99 /* earcon_listening.wav in Resources */,
				84F625C21C11EDF500BECD99 /* Main.storyboard in Resources */,
			);
			runOnlyForDeploymentPostprocessing = 0;
		};
/* End PBXResourcesBuildPhase section */

/* Begin PBXSourcesBuildPhase section */
		84F625B01C11EDF500BECD99 /* Sources */ = {
			isa = PBXSourcesBuildPhase;
			buildActionMask = 2147483647;
			files = (
				84F625BF1C11EDF500BECD99 /* ViewController.m in Sources */,
				84F625BC1C11EDF500BECD99 /* AppDelegate.m in Sources */,
				84F625B91C11EDF500BECD99 /* main.m in Sources */,
			);
			runOnlyForDeploymentPostprocessing = 0;
		};
/* End PBXSourcesBuildPhase section */

/* Begin PBXVariantGroup section */
		84F625C01C11EDF500BECD99 /* Main.storyboard */ = {
			isa = PBXVariantGroup;
			children = (
				84F625C11C11EDF500BECD99 /* Base */,
			);
			name = Main.storyboard;
			sourceTree = "<group>";
		};
		84F625C51C11EDF500BECD99 /* LaunchScreen.storyboard */ = {
			isa = PBXVariantGroup;
			children = (
				84F625C61C11EDF500BECD99 /* Base */,
			);
			name = LaunchScreen.storyboard;
			sourceTree = "<group>";
		};
/* End PBXVariantGroup section */

/* Begin XCBuildConfiguration section */
		84F625C91C11EDF500BECD99 /* Debug */ = {
			isa = XCBuildConfiguration;
			buildSettings = {
				ALWAYS_SEARCH_USER_PATHS = NO;
				CLANG_CXX_LANGUAGE_STANDARD = "gnu++0x";
				CLANG_CXX_LIBRARY = "libc++";
				CLANG_ENABLE_MODULES = YES;
				CLANG_ENABLE_OBJC_ARC = YES;
				CLANG_WARN_BOOL_CONVERSION = YES;
				CLANG_WARN_CONSTANT_CONVERSION = YES;
				CLANG_WARN_DIRECT_OBJC_ISA_USAGE = YES_ERROR;
				CLANG_WARN_EMPTY_BODY = YES;
				CLANG_WARN_ENUM_CONVERSION = YES;
				CLANG_WARN_INT_CONVERSION = YES;
				CLANG_WARN_OBJC_ROOT_CLASS = YES_ERROR;
				CLANG_WARN_UNREACHABLE_CODE = YES;
				CLANG_WARN__DUPLICATE_METHOD_MATCH = YES;
				"CODE_SIGN_IDENTITY[sdk=iphoneos*]" = "iPhone Developer";
				COPY_PHASE_STRIP = NO;
				DEBUG_INFORMATION_FORMAT = dwarf;
				ENABLE_STRICT_OBJC_MSGSEND = YES;
				ENABLE_TESTABILITY = YES;
				GCC_C_LANGUAGE_STANDARD = gnu99;
				GCC_DYNAMIC_NO_PIC = NO;
				GCC_NO_COMMON_BLOCKS = YES;
				GCC_OPTIMIZATION_LEVEL = 0;
				GCC_PREPROCESSOR_DEFINITIONS = (
					"DEBUG=1",
					"$(inherited)",
				);
				GCC_WARN_64_TO_32_BIT_CONVERSION = YES;
				GCC_WARN_ABOUT_RETURN_TYPE = YES_ERROR;
				GCC_WARN_UNDECLARED_SELECTOR = YES;
				GCC_WARN_UNINITIALIZED_AUTOS = YES_AGGRESSIVE;
				GCC_WARN_UNUSED_FUNCTION = YES;
				GCC_WARN_UNUSED_VARIABLE = YES;
				IPHONEOS_DEPLOYMENT_TARGET = 9.0;
				MTL_ENABLE_DEBUG_INFO = YES;
				ONLY_ACTIVE_ARCH = YES;
				SDKROOT = iphoneos;
				TARGETED_DEVICE_FAMILY = "1,2";
			};
			name = Debug;
		};
		84F625CA1C11EDF500BECD99 /* Release */ = {
			isa = XCBuildConfiguration;
			buildSettings = {
				ALWAYS_SEARCH_USER_PATHS = NO;
				CLANG_CXX_LANGUAGE_STANDARD = "gnu++0x";
				CLANG_CXX_LIBRARY = "libc++";
				CLANG_ENABLE_MODULES = YES;
				CLANG_ENABLE_OBJC_ARC = YES;
				CLANG_WARN_BOOL_CONVERSION = YES;
				CLANG_WARN_CONSTANT_CONVERSION = YES;
				CLANG_WARN_DIRECT_OBJC_ISA_USAGE = YES_ERROR;
				CLANG_WARN_EMPTY_BODY = YES;
				CLANG_WARN_ENUM_CONVERSION = YES;
				CLANG_WARN_INT_CONVERSION = YES;
				CLANG_WARN_OBJC_ROOT_CLASS = YES_ERROR;
				CLANG_WARN_UNREACHABLE_CODE = YES;
				CLANG_WARN__DUPLICATE_METHOD_MATCH = YES;
				"CODE_SIGN_IDENTITY[sdk=iphoneos*]" = "iPhone Developer";
				COPY_PHASE_STRIP = NO;
				DEBUG_INFORMATION_FORMAT = "dwarf-with-dsym";
				ENABLE_NS_ASSERTIONS = NO;
				ENABLE_STRICT_OBJC_MSGSEND = YES;
				GCC_C_LANGUAGE_STANDARD = gnu99;
				GCC_NO_COMMON_BLOCKS = YES;
				GCC_WARN_64_TO_32_BIT_CONVERSION = YES;
				GCC_WARN_ABOUT_RETURN_TYPE = YES_ERROR;
				GCC_WARN_UNDECLARED_SELECTOR = YES;
				GCC_WARN_UNINITIALIZED_AUTOS = YES_AGGRESSIVE;
				GCC_WARN_UNUSED_FUNCTION = YES;
				GCC_WARN_UNUSED_VARIABLE = YES;
				IPHONEOS_DEPLOYMENT_TARGET = 9.0;
				MTL_ENABLE_DEBUG_INFO = NO;
				SDKROOT = iphoneos;
				TARGETED_DEVICE_FAMILY = "1,2";
				VALIDATE_PRODUCT = YES;
			};
			name = Release;
		};
		84F625CC1C11EDF500BECD99 /* Debug */ = {
			isa = XCBuildConfiguration;
			buildSettings = {
				ASSETCATALOG_COMPILER_APPICON_NAME = AppIcon;
				FRAMEWORK_SEARCH_PATHS = (
					"$(inherited)",
					"$(PROJECT_DIR)/IoT",
				);
				INFOPLIST_FILE = IoT/Info.plist;
				LD_RUNPATH_SEARCH_PATHS = "$(inherited) @executable_path/Frameworks";
				PRODUCT_BUNDLE_IDENTIFIER = "Erika-Schwartz.IoT";
				PRODUCT_NAME = "$(TARGET_NAME)";
			};
			name = Debug;
		};
		84F625CD1C11EDF500BECD99 /* Release */ = {
			isa = XCBuildConfiguration;
			buildSettings = {
				ASSETCATALOG_COMPILER_APPICON_NAME = AppIcon;
				FRAMEWORK_SEARCH_PATHS = (
					"$(inherited)",
					"$(PROJECT_DIR)/IoT",
				);
				INFOPLIST_FILE = IoT/Info.plist;
				LD_RUNPATH_SEARCH_PATHS = "$(inherited) @executable_path/Frameworks";
				PRODUCT_BUNDLE_IDENTIFIER = "Erika-Schwartz.IoT";
				PRODUCT_NAME = "$(TARGET_NAME)";
			};
			name = Release;
		};
/* End XCBuildConfiguration section */

/* Begin XCConfigurationList section */
		84F625AF1C11EDF500BECD99 /* Build configuration list for PBXProject "IoT" */ = {
			isa = XCConfigurationList;
			buildConfigurations = (
				84F625C91C11EDF500BECD99 /* Debug */,
				84F625CA1C11EDF500BECD99 /* Release */,
			);
			defaultConfigurationIsVisible = 0;
			defaultConfigurationName = Release;
		};
		84F625CB1C11EDF500BECD99 /* Build configuration list for PBXNativeTarget "IoT" */ = {
			isa = XCConfigurationList;
			buildConfigurations = (
				84F625CC1C11EDF500BECD99 /* Debug */,
				84F625CD1C11EDF500BECD99 /* Release */,
			);
			defaultConfigurationIsVisible = 0;
		};
/* End XCConfigurationList section */
	};
	rootObject = 84F625AC1C11EDF500BECD99 /* Project object */;
}
